// !$*UTF8*$!
{
	archiveVersion = 1;
	classes = {
	};
	objectVersion = 46;
	objects = {

/* Begin PBXBuildFile section */
		59B4D5347CDD42397074114C /* libPods-WPTests.a in Frameworks */ = {isa = PBXBuildFile; fileRef = 04A97354734A59C55252BEE9 /* libPods-WPTests.a */; };
		7F8D27C8238EBC82494D579F /* libPods-WPUITests.a in Frameworks */ = {isa = PBXBuildFile; fileRef = 74EE53991BE4799D79606270 /* libPods-WPUITests.a */; };
		E33954121E41C70000B62927 /* Guest.m in Sources */ = {isa = PBXBuildFile; fileRef = E33954111E41C70000B62927 /* Guest.m */; };
		E33954151E41C72800B62927 /* GuestListModel.m in Sources */ = {isa = PBXBuildFile; fileRef = E33954141E41C72800B62927 /* GuestListModel.m */; };
		E339541B1E41CDC300B62927 /* GuestListTableViewController.m in Sources */ = {isa = PBXBuildFile; fileRef = E339541A1E41CDC300B62927 /* GuestListTableViewController.m */; };
		E339541E1E41CDEE00B62927 /* AddGuestViewController.m in Sources */ = {isa = PBXBuildFile; fileRef = E339541D1E41CDEE00B62927 /* AddGuestViewController.m */; };
		E33954211E41D6F700B62927 /* GuestTableViewCell.m in Sources */ = {isa = PBXBuildFile; fileRef = E33954201E41D6F700B62927 /* GuestTableViewCell.m */; };
		E33E0FB51E39C3BF00740FCA /* CountdownViewController.m in Sources */ = {isa = PBXBuildFile; fileRef = E33E0FB41E39C3BF00740FCA /* CountdownViewController.m */; };
		E34A3B5F1E3045A500842498 /* main.m in Sources */ = {isa = PBXBuildFile; fileRef = E34A3B5E1E3045A500842498 /* main.m */; };
		E34A3B621E3045A500842498 /* AppDelegate.m in Sources */ = {isa = PBXBuildFile; fileRef = E34A3B611E3045A500842498 /* AppDelegate.m */; };
		E34A3B651E3045A500842498 /* ViewController.m in Sources */ = {isa = PBXBuildFile; fileRef = E34A3B641E3045A500842498 /* ViewController.m */; };
		E34A3B681E3045A500842498 /* Main.storyboard in Resources */ = {isa = PBXBuildFile; fileRef = E34A3B661E3045A500842498 /* Main.storyboard */; settings = {ASSET_TAGS = (2, ); }; };
		E34A3B6A1E3045A500842498 /* Assets.xcassets in Resources */ = {isa = PBXBuildFile; fileRef = E34A3B691E3045A500842498 /* Assets.xcassets */; };
		E34A3B6D1E3045A500842498 /* LaunchScreen.storyboard in Resources */ = {isa = PBXBuildFile; fileRef = E34A3B6B1E3045A500842498 /* LaunchScreen.storyboard */; };
		E34A3B781E3045A500842498 /* WPTests.m in Sources */ = {isa = PBXBuildFile; fileRef = E34A3B771E3045A500842498 /* WPTests.m */; };
		E34A3B831E3045A500842498 /* WPUITests.m in Sources */ = {isa = PBXBuildFile; fileRef = E34A3B821E3045A500842498 /* WPUITests.m */; };
		E35B05E51E67F541006FAB25 /* SharedProfileInfo.m in Sources */ = {isa = PBXBuildFile; fileRef = E35B05E41E67F541006FAB25 /* SharedProfileInfo.m */; };
		E3635C811E5596BA00CD00CB /* InspoViewController.m in Sources */ = {isa = PBXBuildFile; fileRef = E3635C801E5596BA00CD00CB /* InspoViewController.m */; };
		E373D3F41E9607B500BD1462 /* PinCollectionViewCell.m in Sources */ = {isa = PBXBuildFile; fileRef = E373D3F31E9607B500BD1462 /* PinCollectionViewCell.m */; };
		E373D3FA1E9609DE00BD1462 /* PinViewController.m in Sources */ = {isa = PBXBuildFile; fileRef = E373D3F91E9609DE00BD1462 /* PinViewController.m */; };
		E39BE2381E961DA800C7E4E4 /* XYPieChart.m in Sources */ = {isa = PBXBuildFile; fileRef = E39BE2371E961DA800C7E4E4 /* XYPieChart.m */; };
		E39BE23B1E961F0F00C7E4E4 /* ChartViewController.m in Sources */ = {isa = PBXBuildFile; fileRef = E39BE23A1E961F0F00C7E4E4 /* ChartViewController.m */; };
		E3A4BC571E4C63B000D5739B /* SectionsTableViewCell.m in Sources */ = {isa = PBXBuildFile; fileRef = E3A4BC561E4C63B000D5739B /* SectionsTableViewCell.m */; };
		E3A4BC5A1E4C644A00D5739B /* SectionsTableViewController.m in Sources */ = {isa = PBXBuildFile; fileRef = E3A4BC591E4C644A00D5739B /* SectionsTableViewController.m */; };
		E3CA43361E80B0340029D28C /* Month.m in Sources */ = {isa = PBXBuildFile; fileRef = E3CA43351E80B0340029D28C /* Month.m */; };
		E3DF76681E713B33006FC735 /* DressFinderViewController.m in Sources */ = {isa = PBXBuildFile; fileRef = E3DF76671E713B33006FC735 /* DressFinderViewController.m */; };
		E3E000241E83B67400D85EDB /* HairFinderViewController.m in Sources */ = {isa = PBXBuildFile; fileRef = E3E000231E83B67400D85EDB /* HairFinderViewController.m */; };
		E3E000271E83BC5000D85EDB /* makeupFinderViewController.m in Sources */ = {isa = PBXBuildFile; fileRef = E3E000261E83BC5000D85EDB /* makeupFinderViewController.m */; };
		E3E5524A1E89FB8500ED20D7 /* CollectionTestViewController.m in Sources */ = {isa = PBXBuildFile; fileRef = E3E552491E89FB8500ED20D7 /* CollectionTestViewController.m */; };
		E3E5524D1E89FF5400ED20D7 /* TestCollectionViewController.m in Sources */ = {isa = PBXBuildFile; fileRef = E3E5524C1E89FF5400ED20D7 /* TestCollectionViewController.m */; };
		E3E552501E8A05CF00ED20D7 /* MyCollectionViewCell.m in Sources */ = {isa = PBXBuildFile; fileRef = E3E5524F1E8A05CF00ED20D7 /* MyCollectionViewCell.m */; };
		E93EC80043D769973B68E6F2 /* libPods-WP.a in Frameworks */ = {isa = PBXBuildFile; fileRef = F637F21C12A8F9F05A319E4E /* libPods-WP.a */; };
/* End PBXBuildFile section */

/* Begin PBXContainerItemProxy section */
		E34A3B741E3045A500842498 /* PBXContainerItemProxy */ = {
			isa = PBXContainerItemProxy;
			containerPortal = E34A3B521E3045A400842498 /* Project object */;
			proxyType = 1;
			remoteGlobalIDString = E34A3B591E3045A500842498;
			remoteInfo = WP;
		};
		E34A3B7F1E3045A500842498 /* PBXContainerItemProxy */ = {
			isa = PBXContainerItemProxy;
			containerPortal = E34A3B521E3045A400842498 /* Project object */;
			proxyType = 1;
			remoteGlobalIDString = E34A3B591E3045A500842498;
			remoteInfo = WP;
		};
/* End PBXContainerItemProxy section */

/* Begin PBXFileReference section */
		04A97354734A59C55252BEE9 /* libPods-WPTests.a */ = {isa = PBXFileReference; explicitFileType = archive.ar; includeInIndex = 0; path = "libPods-WPTests.a"; sourceTree = BUILT_PRODUCTS_DIR; };
		4CED85A31EB8395E688A37C4 /* Pods-WP.debug.xcconfig */ = {isa = PBXFileReference; includeInIndex = 1; lastKnownFileType = text.xcconfig; name = "Pods-WP.debug.xcconfig"; path = "Pods/Target Support Files/Pods-WP/Pods-WP.debug.xcconfig"; sourceTree = "<group>"; };
		51902308F582298A59B54FBC /* Pods-WPTests.debug.xcconfig */ = {isa = PBXFileReference; includeInIndex = 1; lastKnownFileType = text.xcconfig; name = "Pods-WPTests.debug.xcconfig"; path = "Pods/Target Support Files/Pods-WPTests/Pods-WPTests.debug.xcconfig"; sourceTree = "<group>"; };
		53E649736B15E74C3FFCCD8D /* Pods-WPUITests.debug.xcconfig */ = {isa = PBXFileReference; includeInIndex = 1; lastKnownFileType = text.xcconfig; name = "Pods-WPUITests.debug.xcconfig"; path = "Pods/Target Support Files/Pods-WPUITests/Pods-WPUITests.debug.xcconfig"; sourceTree = "<group>"; };
		74EE53991BE4799D79606270 /* libPods-WPUITests.a */ = {isa = PBXFileReference; explicitFileType = archive.ar; includeInIndex = 0; path = "libPods-WPUITests.a"; sourceTree = BUILT_PRODUCTS_DIR; };
		C0BBCD6E8D605AD836E76B56 /* Pods-WPUITests.release.xcconfig */ = {isa = PBXFileReference; includeInIndex = 1; lastKnownFileType = text.xcconfig; name = "Pods-WPUITests.release.xcconfig"; path = "Pods/Target Support Files/Pods-WPUITests/Pods-WPUITests.release.xcconfig"; sourceTree = "<group>"; };
		DB6EA8B79909866560B048EB /* Pods-WP.release.xcconfig */ = {isa = PBXFileReference; includeInIndex = 1; lastKnownFileType = text.xcconfig; name = "Pods-WP.release.xcconfig"; path = "Pods/Target Support Files/Pods-WP/Pods-WP.release.xcconfig"; sourceTree = "<group>"; };
		DF5267C037F8365979B5EBA5 /* Pods-WPTests.release.xcconfig */ = {isa = PBXFileReference; includeInIndex = 1; lastKnownFileType = text.xcconfig; name = "Pods-WPTests.release.xcconfig"; path = "Pods/Target Support Files/Pods-WPTests/Pods-WPTests.release.xcconfig"; sourceTree = "<group>"; };
		E33954101E41C70000B62927 /* Guest.h */ = {isa = PBXFileReference; fileEncoding = 4; lastKnownFileType = sourcecode.c.h; path = Guest.h; sourceTree = "<group>"; };
		E33954111E41C70000B62927 /* Guest.m */ = {isa = PBXFileReference; fileEncoding = 4; lastKnownFileType = sourcecode.c.objc; path = Guest.m; sourceTree = "<group>"; };
		E33954131E41C72800B62927 /* GuestListModel.h */ = {isa = PBXFileReference; fileEncoding = 4; lastKnownFileType = sourcecode.c.h; path = GuestListModel.h; sourceTree = "<group>"; };
		E33954141E41C72800B62927 /* GuestListModel.m */ = {isa = PBXFileReference; fileEncoding = 4; lastKnownFileType = sourcecode.c.objc; path = GuestListModel.m; sourceTree = "<group>"; };
		E33954191E41CDC300B62927 /* GuestListTableViewController.h */ = {isa = PBXFileReference; fileEncoding = 4; lastKnownFileType = sourcecode.c.h; path = GuestListTableViewController.h; sourceTree = "<group>"; };
		E339541A1E41CDC300B62927 /* GuestListTableViewController.m */ = {isa = PBXFileReference; fileEncoding = 4; lastKnownFileType = sourcecode.c.objc; path = GuestListTableViewController.m; sourceTree = "<group>"; };
		E339541C1E41CDEE00B62927 /* AddGuestViewController.h */ = {isa = PBXFileReference; fileEncoding = 4; lastKnownFileType = sourcecode.c.h; path = AddGuestViewController.h; sourceTree = "<group>"; };
		E339541D1E41CDEE00B62927 /* AddGuestViewController.m */ = {isa = PBXFileReference; fileEncoding = 4; lastKnownFileType = sourcecode.c.objc; path = AddGuestViewController.m; sourceTree = "<group>"; };
		E339541F1E41D6F700B62927 /* GuestTableViewCell.h */ = {isa = PBXFileReference; fileEncoding = 4; lastKnownFileType = sourcecode.c.h; path = GuestTableViewCell.h; sourceTree = "<group>"; };
		E33954201E41D6F700B62927 /* GuestTableViewCell.m */ = {isa = PBXFileReference; fileEncoding = 4; lastKnownFileType = sourcecode.c.objc; path = GuestTableViewCell.m; sourceTree = "<group>"; };
		E33E0FB31E39C3BF00740FCA /* CountdownViewController.h */ = {isa = PBXFileReference; fileEncoding = 4; lastKnownFileType = sourcecode.c.h; path = CountdownViewController.h; sourceTree = "<group>"; };
		E33E0FB41E39C3BF00740FCA /* CountdownViewController.m */ = {isa = PBXFileReference; fileEncoding = 4; lastKnownFileType = sourcecode.c.objc; path = CountdownViewController.m; sourceTree = "<group>"; };
		E34A3B5A1E3045A500842498 /* WP.app */ = {isa = PBXFileReference; explicitFileType = wrapper.application; includeInIndex = 0; path = WP.app; sourceTree = BUILT_PRODUCTS_DIR; };
		E34A3B5E1E3045A500842498 /* main.m */ = {isa = PBXFileReference; lastKnownFileType = sourcecode.c.objc; path = main.m; sourceTree = "<group>"; };
		E34A3B601E3045A500842498 /* AppDelegate.h */ = {isa = PBXFileReference; lastKnownFileType = sourcecode.c.h; path = AppDelegate.h; sourceTree = "<group>"; };
		E34A3B611E3045A500842498 /* AppDelegate.m */ = {isa = PBXFileReference; lastKnownFileType = sourcecode.c.objc; path = AppDelegate.m; sourceTree = "<group>"; };
		E34A3B631E3045A500842498 /* ViewController.h */ = {isa = PBXFileReference; lastKnownFileType = sourcecode.c.h; path = ViewController.h; sourceTree = "<group>"; };
		E34A3B641E3045A500842498 /* ViewController.m */ = {isa = PBXFileReference; lastKnownFileType = sourcecode.c.objc; path = ViewController.m; sourceTree = "<group>"; };
		E34A3B671E3045A500842498 /* Base */ = {isa = PBXFileReference; lastKnownFileType = file.storyboard; name = Base; path = Base.lproj/Main.storyboard; sourceTree = "<group>"; };
		E34A3B691E3045A500842498 /* Assets.xcassets */ = {isa = PBXFileReference; lastKnownFileType = folder.assetcatalog; path = Assets.xcassets; sourceTree = "<group>"; };
		E34A3B6C1E3045A500842498 /* Base */ = {isa = PBXFileReference; lastKnownFileType = file.storyboard; name = Base; path = Base.lproj/LaunchScreen.storyboard; sourceTree = "<group>"; };
		E34A3B6E1E3045A500842498 /* Info.plist */ = {isa = PBXFileReference; lastKnownFileType = text.plist.xml; path = Info.plist; sourceTree = "<group>"; };
		E34A3B731E3045A500842498 /* WPTests.xctest */ = {isa = PBXFileReference; explicitFileType = wrapper.cfbundle; includeInIndex = 0; path = WPTests.xctest; sourceTree = BUILT_PRODUCTS_DIR; };
		E34A3B771E3045A500842498 /* WPTests.m */ = {isa = PBXFileReference; lastKnownFileType = sourcecode.c.objc; path = WPTests.m; sourceTree = "<group>"; };
		E34A3B791E3045A500842498 /* Info.plist */ = {isa = PBXFileReference; lastKnownFileType = text.plist.xml; path = Info.plist; sourceTree = "<group>"; };
		E34A3B7E1E3045A500842498 /* WPUITests.xctest */ = {isa = PBXFileReference; explicitFileType = wrapper.cfbundle; includeInIndex = 0; path = WPUITests.xctest; sourceTree = BUILT_PRODUCTS_DIR; };
		E34A3B821E3045A500842498 /* WPUITests.m */ = {isa = PBXFileReference; lastKnownFileType = sourcecode.c.objc; path = WPUITests.m; sourceTree = "<group>"; };
		E34A3B841E3045A500842498 /* Info.plist */ = {isa = PBXFileReference; lastKnownFileType = text.plist.xml; path = Info.plist; sourceTree = "<group>"; };
		E35B05E31E67F541006FAB25 /* SharedProfileInfo.h */ = {isa = PBXFileReference; fileEncoding = 4; lastKnownFileType = sourcecode.c.h; path = SharedProfileInfo.h; sourceTree = "<group>"; };
		E35B05E41E67F541006FAB25 /* SharedProfileInfo.m */ = {isa = PBXFileReference; fileEncoding = 4; lastKnownFileType = sourcecode.c.objc; path = SharedProfileInfo.m; sourceTree = "<group>"; };
		E3635C7F1E5596BA00CD00CB /* InspoViewController.h */ = {isa = PBXFileReference; fileEncoding = 4; lastKnownFileType = sourcecode.c.h; path = InspoViewController.h; sourceTree = "<group>"; };
		E3635C801E5596BA00CD00CB /* InspoViewController.m */ = {isa = PBXFileReference; fileEncoding = 4; lastKnownFileType = sourcecode.c.objc; path = InspoViewController.m; sourceTree = "<group>"; };
		E373D3F21E9607B500BD1462 /* PinCollectionViewCell.h */ = {isa = PBXFileReference; fileEncoding = 4; lastKnownFileType = sourcecode.c.h; path = PinCollectionViewCell.h; sourceTree = "<group>"; };
		E373D3F31E9607B500BD1462 /* PinCollectionViewCell.m */ = {isa = PBXFileReference; fileEncoding = 4; lastKnownFileType = sourcecode.c.objc; path = PinCollectionViewCell.m; sourceTree = "<group>"; };
		E373D3F81E9609DE00BD1462 /* PinViewController.h */ = {isa = PBXFileReference; fileEncoding = 4; lastKnownFileType = sourcecode.c.h; path = PinViewController.h; sourceTree = "<group>"; };
		E373D3F91E9609DE00BD1462 /* PinViewController.m */ = {isa = PBXFileReference; fileEncoding = 4; lastKnownFileType = sourcecode.c.objc; path = PinViewController.m; sourceTree = "<group>"; };
		E39BE2361E961DA800C7E4E4 /* XYPieChart.h */ = {isa = PBXFileReference; fileEncoding = 4; lastKnownFileType = sourcecode.c.h; path = XYPieChart.h; sourceTree = "<group>"; };
		E39BE2371E961DA800C7E4E4 /* XYPieChart.m */ = {isa = PBXFileReference; fileEncoding = 4; lastKnownFileType = sourcecode.c.objc; path = XYPieChart.m; sourceTree = "<group>"; };
		E39BE2391E961F0F00C7E4E4 /* ChartViewController.h */ = {isa = PBXFileReference; fileEncoding = 4; lastKnownFileType = sourcecode.c.h; path = ChartViewController.h; sourceTree = "<group>"; };
		E39BE23A1E961F0F00C7E4E4 /* ChartViewController.m */ = {isa = PBXFileReference; fileEncoding = 4; lastKnownFileType = sourcecode.c.objc; path = ChartViewController.m; sourceTree = "<group>"; };
		E3A4BC551E4C63B000D5739B /* SectionsTableViewCell.h */ = {isa = PBXFileReference; fileEncoding = 4; lastKnownFileType = sourcecode.c.h; path = SectionsTableViewCell.h; sourceTree = "<group>"; };
		E3A4BC561E4C63B000D5739B /* SectionsTableViewCell.m */ = {isa = PBXFileReference; fileEncoding = 4; lastKnownFileType = sourcecode.c.objc; path = SectionsTableViewCell.m; sourceTree = "<group>"; };
		E3A4BC581E4C644A00D5739B /* SectionsTableViewController.h */ = {isa = PBXFileReference; fileEncoding = 4; lastKnownFileType = sourcecode.c.h; path = SectionsTableViewController.h; sourceTree = "<group>"; };
		E3A4BC591E4C644A00D5739B /* SectionsTableViewController.m */ = {isa = PBXFileReference; fileEncoding = 4; lastKnownFileType = sourcecode.c.objc; path = SectionsTableViewController.m; sourceTree = "<group>"; };
		E3CA43341E80B0340029D28C /* Month.h */ = {isa = PBXFileReference; fileEncoding = 4; lastKnownFileType = sourcecode.c.h; path = Month.h; sourceTree = "<group>"; };
		E3CA43351E80B0340029D28C /* Month.m */ = {isa = PBXFileReference; fileEncoding = 4; lastKnownFileType = sourcecode.c.objc; path = Month.m; sourceTree = "<group>"; };
		E3D3E3AA1E8C86EC00BDF273 /* Constants.h */ = {isa = PBXFileReference; fileEncoding = 4; lastKnownFileType = sourcecode.c.h; path = Constants.h; sourceTree = "<group>"; };
		E3DF76661E713B33006FC735 /* DressFinderViewController.h */ = {isa = PBXFileReference; fileEncoding = 4; lastKnownFileType = sourcecode.c.h; path = DressFinderViewController.h; sourceTree = "<group>"; };
		E3DF76671E713B33006FC735 /* DressFinderViewController.m */ = {isa = PBXFileReference; fileEncoding = 4; lastKnownFileType = sourcecode.c.objc; path = DressFinderViewController.m; sourceTree = "<group>"; };
		E3E000221E83B67400D85EDB /* HairFinderViewController.h */ = {isa = PBXFileReference; fileEncoding = 4; lastKnownFileType = sourcecode.c.h; path = HairFinderViewController.h; sourceTree = "<group>"; };
		E3E000231E83B67400D85EDB /* HairFinderViewController.m */ = {isa = PBXFileReference; fileEncoding = 4; lastKnownFileType = sourcecode.c.objc; path = HairFinderViewController.m; sourceTree = "<group>"; };
		E3E000251E83BC5000D85EDB /* makeupFinderViewController.h */ = {isa = PBXFileReference; fileEncoding = 4; lastKnownFileType = sourcecode.c.h; path = makeupFinderViewController.h; sourceTree = "<group>"; };
		E3E000261E83BC5000D85EDB /* makeupFinderViewController.m */ = {isa = PBXFileReference; fileEncoding = 4; lastKnownFileType = sourcecode.c.objc; path = makeupFinderViewController.m; sourceTree = "<group>"; };
		E3E552481E89FB8500ED20D7 /* CollectionTestViewController.h */ = {isa = PBXFileReference; fileEncoding = 4; lastKnownFileType = sourcecode.c.h; path = CollectionTestViewController.h; sourceTree = "<group>"; };
		E3E552491E89FB8500ED20D7 /* CollectionTestViewController.m */ = {isa = PBXFileReference; fileEncoding = 4; lastKnownFileType = sourcecode.c.objc; path = CollectionTestViewController.m; sourceTree = "<group>"; };
		E3E5524B1E89FF5400ED20D7 /* TestCollectionViewController.h */ = {isa = PBXFileReference; fileEncoding = 4; lastKnownFileType = sourcecode.c.h; path = TestCollectionViewController.h; sourceTree = "<group>"; };
		E3E5524C1E89FF5400ED20D7 /* TestCollectionViewController.m */ = {isa = PBXFileReference; fileEncoding = 4; lastKnownFileType = sourcecode.c.objc; path = TestCollectionViewController.m; sourceTree = "<group>"; };
		E3E5524E1E8A05CF00ED20D7 /* MyCollectionViewCell.h */ = {isa = PBXFileReference; fileEncoding = 4; lastKnownFileType = sourcecode.c.h; path = MyCollectionViewCell.h; sourceTree = "<group>"; };
		E3E5524F1E8A05CF00ED20D7 /* MyCollectionViewCell.m */ = {isa = PBXFileReference; fileEncoding = 4; lastKnownFileType = sourcecode.c.objc; path = MyCollectionViewCell.m; sourceTree = "<group>"; };
		F637F21C12A8F9F05A319E4E /* libPods-WP.a */ = {isa = PBXFileReference; explicitFileType = archive.ar; includeInIndex = 0; path = "libPods-WP.a"; sourceTree = BUILT_PRODUCTS_DIR; };
/* End PBXFileReference section */

/* Begin PBXFrameworksBuildPhase section */
		E34A3B571E3045A500842498 /* Frameworks */ = {
			isa = PBXFrameworksBuildPhase;
			buildActionMask = 2147483647;
			files = (
				E93EC80043D769973B68E6F2 /* libPods-WP.a in Frameworks */,
			);
			runOnlyForDeploymentPostprocessing = 0;
		};
		E34A3B701E3045A500842498 /* Frameworks */ = {
			isa = PBXFrameworksBuildPhase;
			buildActionMask = 2147483647;
			files = (
				59B4D5347CDD42397074114C /* libPods-WPTests.a in Frameworks */,
			);
			runOnlyForDeploymentPostprocessing = 0;
		};
		E34A3B7B1E3045A500842498 /* Frameworks */ = {
			isa = PBXFrameworksBuildPhase;
			buildActionMask = 2147483647;
			files = (
				7F8D27C8238EBC82494D579F /* libPods-WPUITests.a in Frameworks */,
			);
			runOnlyForDeploymentPostprocessing = 0;
		};
/* End PBXFrameworksBuildPhase section */

/* Begin PBXGroup section */
		88EDBAAAEFFBF514326FCE47 /* Frameworks */ = {
			isa = PBXGroup;
			children = (
				F637F21C12A8F9F05A319E4E /* libPods-WP.a */,
				04A97354734A59C55252BEE9 /* libPods-WPTests.a */,
				74EE53991BE4799D79606270 /* libPods-WPUITests.a */,
			);
			name = Frameworks;
			sourceTree = "<group>";
		};
		A104DD1569200F7FEF2BAD7E /* Pods */ = {
			isa = PBXGroup;
			children = (
				4CED85A31EB8395E688A37C4 /* Pods-WP.debug.xcconfig */,
				DB6EA8B79909866560B048EB /* Pods-WP.release.xcconfig */,
				51902308F582298A59B54FBC /* Pods-WPTests.debug.xcconfig */,
				DF5267C037F8365979B5EBA5 /* Pods-WPTests.release.xcconfig */,
				53E649736B15E74C3FFCCD8D /* Pods-WPUITests.debug.xcconfig */,
				C0BBCD6E8D605AD836E76B56 /* Pods-WPUITests.release.xcconfig */,
			);
			name = Pods;
			sourceTree = "<group>";
		};
		E33954161E41C74300B62927 /* Guest List */ = {
			isa = PBXGroup;
			children = (
				E33954101E41C70000B62927 /* Guest.h */,
				E33954111E41C70000B62927 /* Guest.m */,
				E33954131E41C72800B62927 /* GuestListModel.h */,
				E33954141E41C72800B62927 /* GuestListModel.m */,
				E33954191E41CDC300B62927 /* GuestListTableViewController.h */,
				E339541A1E41CDC300B62927 /* GuestListTableViewController.m */,
				E339541C1E41CDEE00B62927 /* AddGuestViewController.h */,
				E339541D1E41CDEE00B62927 /* AddGuestViewController.m */,
				E339541F1E41D6F700B62927 /* GuestTableViewCell.h */,
				E33954201E41D6F700B62927 /* GuestTableViewCell.m */,
			);
			name = "Guest List";
			sourceTree = "<group>";
		};
		E33954181E41C76E00B62927 /* Countdown */ = {
			isa = PBXGroup;
			children = (
				E33E0FB31E39C3BF00740FCA /* CountdownViewController.h */,
				E33E0FB41E39C3BF00740FCA /* CountdownViewController.m */,
			);
			name = Countdown;
			sourceTree = "<group>";
		};
		E34A3B511E3045A400842498 = {
			isa = PBXGroup;
			children = (
				E34A3B5C1E3045A500842498 /* WP */,
				E34A3B761E3045A500842498 /* WPTests */,
				E34A3B811E3045A500842498 /* WPUITests */,
				E34A3B5B1E3045A500842498 /* Products */,
				A104DD1569200F7FEF2BAD7E /* Pods */,
				88EDBAAAEFFBF514326FCE47 /* Frameworks */,
			);
			sourceTree = "<group>";
		};
		E34A3B5B1E3045A500842498 /* Products */ = {
			isa = PBXGroup;
			children = (
				E34A3B5A1E3045A500842498 /* WP.app */,
				E34A3B731E3045A500842498 /* WPTests.xctest */,
				E34A3B7E1E3045A500842498 /* WPUITests.xctest */,
			);
			name = Products;
			sourceTree = "<group>";
		};
		E34A3B5C1E3045A500842498 /* WP */ = {
			isa = PBXGroup;
			children = (
				E34A3B601E3045A500842498 /* AppDelegate.h */,
				E34A3B611E3045A500842498 /* AppDelegate.m */,
				E34A3B631E3045A500842498 /* ViewController.h */,
				E34A3B641E3045A500842498 /* ViewController.m */,
				E34A3B661E3045A500842498 /* Main.storyboard */,
				E34A3B691E3045A500842498 /* Assets.xcassets */,
				E34A3B6B1E3045A500842498 /* LaunchScreen.storyboard */,
				E34A3B6E1E3045A500842498 /* Info.plist */,
				E34A3B5D1E3045A500842498 /* Supporting Files */,
			);
			path = WP;
			sourceTree = "<group>";
		};
		E34A3B5D1E3045A500842498 /* Supporting Files */ = {
			isa = PBXGroup;
			children = (
				E39BE2361E961DA800C7E4E4 /* XYPieChart.h */,
				E39BE2371E961DA800C7E4E4 /* XYPieChart.m */,
				E39BE2391E961F0F00C7E4E4 /* ChartViewController.h */,
				E39BE23A1E961F0F00C7E4E4 /* ChartViewController.m */,
				E3DF76651E713B03006FC735 /* My Looks */,
				E34A3B5E1E3045A500842498 /* main.m */,
				E3635C821E5596C500CD00CB /* Inspo */,
				E3A4BC511E4C610800D5739B /* Checklist */,
				E33954181E41C76E00B62927 /* Countdown */,
				E33954161E41C74300B62927 /* Guest List */,
				E35B05E31E67F541006FAB25 /* SharedProfileInfo.h */,
				E35B05E41E67F541006FAB25 /* SharedProfileInfo.m */,
				E373D3F11E96077800BD1462 /* New Group */,
				E373D3F01E96061200BD1462 /* collection text files */,
			);
			name = "Supporting Files";
			sourceTree = "<group>";
		};
		E34A3B761E3045A500842498 /* WPTests */ = {
			isa = PBXGroup;
			children = (
				E34A3B771E3045A500842498 /* WPTests.m */,
				E34A3B791E3045A500842498 /* Info.plist */,
			);
			path = WPTests;
			sourceTree = "<group>";
		};
		E34A3B811E3045A500842498 /* WPUITests */ = {
			isa = PBXGroup;
			children = (
				E34A3B821E3045A500842498 /* WPUITests.m */,
				E34A3B841E3045A500842498 /* Info.plist */,
			);
			path = WPUITests;
			sourceTree = "<group>";
		};
		E3635C821E5596C500CD00CB /* Inspo */ = {
			isa = PBXGroup;
			children = (
				E3635C7F1E5596BA00CD00CB /* InspoViewController.h */,
				E3635C801E5596BA00CD00CB /* InspoViewController.m */,
			);
			name = Inspo;
			sourceTree = "<group>";
		};
		E373D3F01E96061200BD1462 /* collection text files */ = {
			isa = PBXGroup;
			children = (
				E3D3E3AA1E8C86EC00BDF273 /* Constants.h */,
				E3E552481E89FB8500ED20D7 /* CollectionTestViewController.h */,
				E3E552491E89FB8500ED20D7 /* CollectionTestViewController.m */,
				E3E5524B1E89FF5400ED20D7 /* TestCollectionViewController.h */,
				E3E5524C1E89FF5400ED20D7 /* TestCollectionViewController.m */,
				E3E5524E1E8A05CF00ED20D7 /* MyCollectionViewCell.h */,
				E3E5524F1E8A05CF00ED20D7 /* MyCollectionViewCell.m */,
			);
			name = "collection text files";
			sourceTree = "<group>";
		};
		E373D3F11E96077800BD1462 /* New Group */ = {
			isa = PBXGroup;
			children = (
				E373D3F21E9607B500BD1462 /* PinCollectionViewCell.h */,
				E373D3F31E9607B500BD1462 /* PinCollectionViewCell.m */,
				E373D3F81E9609DE00BD1462 /* PinViewController.h */,
				E373D3F91E9609DE00BD1462 /* PinViewController.m */,
			);
			name = "New Group";
			sourceTree = "<group>";
		};
		E3A4BC511E4C610800D5739B /* Checklist */ = {
			isa = PBXGroup;
			children = (
				E3A4BC581E4C644A00D5739B /* SectionsTableViewController.h */,
				E3A4BC591E4C644A00D5739B /* SectionsTableViewController.m */,
				E3CA43341E80B0340029D28C /* Month.h */,
				E3CA43351E80B0340029D28C /* Month.m */,
				E3A4BC551E4C63B000D5739B /* SectionsTableViewCell.h */,
				E3A4BC561E4C63B000D5739B /* SectionsTableViewCell.m */,
			);
			name = Checklist;
			sourceTree = "<group>";
		};
		E3DF76651E713B03006FC735 /* My Looks */ = {
			isa = PBXGroup;
			children = (
				E3DF76661E713B33006FC735 /* DressFinderViewController.h */,
				E3DF76671E713B33006FC735 /* DressFinderViewController.m */,
				E3E000221E83B67400D85EDB /* HairFinderViewController.h */,
				E3E000231E83B67400D85EDB /* HairFinderViewController.m */,
				E3E000251E83BC5000D85EDB /* makeupFinderViewController.h */,
				E3E000261E83BC5000D85EDB /* makeupFinderViewController.m */,
			);
			name = "My Looks";
			sourceTree = "<group>";
		};
/* End PBXGroup section */

/* Begin PBXNativeTarget section */
		E34A3B591E3045A500842498 /* WP */ = {
			isa = PBXNativeTarget;
			buildConfigurationList = E34A3B871E3045A500842498 /* Build configuration list for PBXNativeTarget "WP" */;
			buildPhases = (
				F699D3C943D02ADC3F762D24 /* [CP] Check Pods Manifest.lock */,
				E34A3B561E3045A500842498 /* Sources */,
				E34A3B571E3045A500842498 /* Frameworks */,
				E34A3B581E3045A500842498 /* Resources */,
				59D9B1F534E1AB14316627F5 /* [CP] Embed Pods Frameworks */,
				5F05D2F3BD1C4FDCF6245764 /* [CP] Copy Pods Resources */,
			);
			buildRules = (
			);
			dependencies = (
			);
			name = WP;
			productName = WP;
			productReference = E34A3B5A1E3045A500842498 /* WP.app */;
			productType = "com.apple.product-type.application";
		};
		E34A3B721E3045A500842498 /* WPTests */ = {
			isa = PBXNativeTarget;
			buildConfigurationList = E34A3B8A1E3045A500842498 /* Build configuration list for PBXNativeTarget "WPTests" */;
			buildPhases = (
				C5AB60398BCC133B65D3EA6F /* [CP] Check Pods Manifest.lock */,
				E34A3B6F1E3045A500842498 /* Sources */,
				E34A3B701E3045A500842498 /* Frameworks */,
				E34A3B711E3045A500842498 /* Resources */,
				7C03DD6D2378CA66E9634CDD /* [CP] Embed Pods Frameworks */,
				0DF5489E682CEC9862076C77 /* [CP] Copy Pods Resources */,
			);
			buildRules = (
			);
			dependencies = (
				E34A3B751E3045A500842498 /* PBXTargetDependency */,
			);
			name = WPTests;
			productName = WPTests;
			productReference = E34A3B731E3045A500842498 /* WPTests.xctest */;
			productType = "com.apple.product-type.bundle.unit-test";
		};
		E34A3B7D1E3045A500842498 /* WPUITests */ = {
			isa = PBXNativeTarget;
			buildConfigurationList = E34A3B8D1E3045A500842498 /* Build configuration list for PBXNativeTarget "WPUITests" */;
			buildPhases = (
				A0F4840C4909FAFDABFC506C /* [CP] Check Pods Manifest.lock */,
				E34A3B7A1E3045A500842498 /* Sources */,
				E34A3B7B1E3045A500842498 /* Frameworks */,
				E34A3B7C1E3045A500842498 /* Resources */,
				B0561CE235D7F168DE83DDDB /* [CP] Embed Pods Frameworks */,
				B0AB5F99B65F1E694A8109F0 /* [CP] Copy Pods Resources */,
			);
			buildRules = (
			);
			dependencies = (
				E34A3B801E3045A500842498 /* PBXTargetDependency */,
			);
			name = WPUITests;
			productName = WPUITests;
			productReference = E34A3B7E1E3045A500842498 /* WPUITests.xctest */;
			productType = "com.apple.product-type.bundle.ui-testing";
		};
/* End PBXNativeTarget section */

/* Begin PBXProject section */
		E34A3B521E3045A400842498 /* Project object */ = {
			isa = PBXProject;
			attributes = {
				KnownAssetTags = (
					2,
					cakes,
				);
				LastUpgradeCheck = 0810;
				ORGANIZATIONNAME = "Sabrina Yamin";
				TargetAttributes = {
					E34A3B591E3045A500842498 = {
						CreatedOnToolsVersion = 8.1;
						ProvisioningStyle = Automatic;
					};
					E34A3B721E3045A500842498 = {
						CreatedOnToolsVersion = 8.1;
						ProvisioningStyle = Automatic;
						TestTargetID = E34A3B591E3045A500842498;
					};
					E34A3B7D1E3045A500842498 = {
						CreatedOnToolsVersion = 8.1;
						ProvisioningStyle = Automatic;
						TestTargetID = E34A3B591E3045A500842498;
					};
				};
			};
			buildConfigurationList = E34A3B551E3045A400842498 /* Build configuration list for PBXProject "WP" */;
			compatibilityVersion = "Xcode 3.2";
			developmentRegion = English;
			hasScannedForEncodings = 0;
			knownRegions = (
				en,
				Base,
			);
			mainGroup = E34A3B511E3045A400842498;
			productRefGroup = E34A3B5B1E3045A500842498 /* Products */;
			projectDirPath = "";
			projectRoot = "";
			targets = (
				E34A3B591E3045A500842498 /* WP */,
				E34A3B721E3045A500842498 /* WPTests */,
				E34A3B7D1E3045A500842498 /* WPUITests */,
			);
		};
/* End PBXProject section */

/* Begin PBXResourcesBuildPhase section */
		E34A3B581E3045A500842498 /* Resources */ = {
			isa = PBXResourcesBuildPhase;
			buildActionMask = 2147483647;
			files = (
				E34A3B6D1E3045A500842498 /* LaunchScreen.storyboard in Resources */,
				E34A3B6A1E3045A500842498 /* Assets.xcassets in Resources */,
				E34A3B681E3045A500842498 /* Main.storyboard in Resources */,
			);
			runOnlyForDeploymentPostprocessing = 0;
		};
		E34A3B711E3045A500842498 /* Resources */ = {
			isa = PBXResourcesBuildPhase;
			buildActionMask = 2147483647;
			files = (
			);
			runOnlyForDeploymentPostprocessing = 0;
		};
		E34A3B7C1E3045A500842498 /* Resources */ = {
			isa = PBXResourcesBuildPhase;
			buildActionMask = 2147483647;
			files = (
			);
			runOnlyForDeploymentPostprocessing = 0;
		};
/* End PBXResourcesBuildPhase section */

/* Begin PBXShellScriptBuildPhase section */
		0DF5489E682CEC9862076C77 /* [CP] Copy Pods Resources */ = {
			isa = PBXShellScriptBuildPhase;
			buildActionMask = 2147483647;
			files = (
			);
			inputPaths = (
			);
			name = "[CP] Copy Pods Resources";
			outputPaths = (
			);
			runOnlyForDeploymentPostprocessing = 0;
			shellPath = /bin/sh;
			shellScript = "\"${SRCROOT}/Pods/Target Support Files/Pods-WPTests/Pods-WPTests-resources.sh\"\n";
			showEnvVarsInLog = 0;
		};
		59D9B1F534E1AB14316627F5 /* [CP] Embed Pods Frameworks */ = {
			isa = PBXShellScriptBuildPhase;
			buildActionMask = 2147483647;
			files = (
			);
			inputPaths = (
			);
			name = "[CP] Embed Pods Frameworks";
			outputPaths = (
			);
			runOnlyForDeploymentPostprocessing = 0;
			shellPath = /bin/sh;
			shellScript = "\"${SRCROOT}/Pods/Target Support Files/Pods-WP/Pods-WP-frameworks.sh\"\n";
			showEnvVarsInLog = 0;
		};
		5F05D2F3BD1C4FDCF6245764 /* [CP] Copy Pods Resources */ = {
			isa = PBXShellScriptBuildPhase;
			buildActionMask = 2147483647;
			files = (
			);
			inputPaths = (
			);
			name = "[CP] Copy Pods Resources";
			outputPaths = (
			);
			runOnlyForDeploymentPostprocessing = 0;
			shellPath = /bin/sh;
			shellScript = "\"${SRCROOT}/Pods/Target Support Files/Pods-WP/Pods-WP-resources.sh\"\n";
			showEnvVarsInLog = 0;
		};
		7C03DD6D2378CA66E9634CDD /* [CP] Embed Pods Frameworks */ = {
			isa = PBXShellScriptBuildPhase;
			buildActionMask = 2147483647;
			files = (
			);
			inputPaths = (
			);
			name = "[CP] Embed Pods Frameworks";
			outputPaths = (
			);
			runOnlyForDeploymentPostprocessing = 0;
			shellPath = /bin/sh;
			shellScript = "\"${SRCROOT}/Pods/Target Support Files/Pods-WPTests/Pods-WPTests-frameworks.sh\"\n";
			showEnvVarsInLog = 0;
		};
		A0F4840C4909FAFDABFC506C /* [CP] Check Pods Manifest.lock */ = {
			isa = PBXShellScriptBuildPhase;
			buildActionMask = 2147483647;
			files = (
			);
			inputPaths = (
			);
			name = "[CP] Check Pods Manifest.lock";
			outputPaths = (
			);
			runOnlyForDeploymentPostprocessing = 0;
			shellPath = /bin/sh;
			shellScript = "diff \"${PODS_ROOT}/../Podfile.lock\" \"${PODS_ROOT}/Manifest.lock\" > /dev/null\nif [ $? != 0 ] ; then\n    # print error to STDERR\n    echo \"error: The sandbox is not in sync with the Podfile.lock. Run 'pod install' or update your CocoaPods installation.\" >&2\n    exit 1\nfi\n";
			showEnvVarsInLog = 0;
		};
		B0561CE235D7F168DE83DDDB /* [CP] Embed Pods Frameworks */ = {
			isa = PBXShellScriptBuildPhase;
			buildActionMask = 2147483647;
			files = (
			);
			inputPaths = (
			);
			name = "[CP] Embed Pods Frameworks";
			outputPaths = (
			);
			runOnlyForDeploymentPostprocessing = 0;
			shellPath = /bin/sh;
			shellScript = "\"${SRCROOT}/Pods/Target Support Files/Pods-WPUITests/Pods-WPUITests-frameworks.sh\"\n";
			showEnvVarsInLog = 0;
		};
		B0AB5F99B65F1E694A8109F0 /* [CP] Copy Pods Resources */ = {
			isa = PBXShellScriptBuildPhase;
			buildActionMask = 2147483647;
			files = (
			);
			inputPaths = (
			);
			name = "[CP] Copy Pods Resources";
			outputPaths = (
			);
			runOnlyForDeploymentPostprocessing = 0;
			shellPath = /bin/sh;
			shellScript = "\"${SRCROOT}/Pods/Target Support Files/Pods-WPUITests/Pods-WPUITests-resources.sh\"\n";
			showEnvVarsInLog = 0;
		};
		C5AB60398BCC133B65D3EA6F /* [CP] Check Pods Manifest.lock */ = {
			isa = PBXShellScriptBuildPhase;
			buildActionMask = 2147483647;
			files = (
			);
			inputPaths = (
			);
			name = "[CP] Check Pods Manifest.lock";
			outputPaths = (
			);
			runOnlyForDeploymentPostprocessing = 0;
			shellPath = /bin/sh;
			shellScript = "diff \"${PODS_ROOT}/../Podfile.lock\" \"${PODS_ROOT}/Manifest.lock\" > /dev/null\nif [ $? != 0 ] ; then\n    # print error to STDERR\n    echo \"error: The sandbox is not in sync with the Podfile.lock. Run 'pod install' or update your CocoaPods installation.\" >&2\n    exit 1\nfi\n";
			showEnvVarsInLog = 0;
		};
		F699D3C943D02ADC3F762D24 /* [CP] Check Pods Manifest.lock */ = {
			isa = PBXShellScriptBuildPhase;
			buildActionMask = 2147483647;
			files = (
			);
			inputPaths = (
			);
			name = "[CP] Check Pods Manifest.lock";
			outputPaths = (
			);
			runOnlyForDeploymentPostprocessing = 0;
			shellPath = /bin/sh;
			shellScript = "diff \"${PODS_ROOT}/../Podfile.lock\" \"${PODS_ROOT}/Manifest.lock\" > /dev/null\nif [ $? != 0 ] ; then\n    # print error to STDERR\n    echo \"error: The sandbox is not in sync with the Podfile.lock. Run 'pod install' or update your CocoaPods installation.\" >&2\n    exit 1\nfi\n";
			showEnvVarsInLog = 0;
		};
/* End PBXShellScriptBuildPhase section */

/* Begin PBXSourcesBuildPhase section */
		E34A3B561E3045A500842498 /* Sources */ = {
			isa = PBXSourcesBuildPhase;
			buildActionMask = 2147483647;
			files = (
				E3E000241E83B67400D85EDB /* HairFinderViewController.m in Sources */,
				E39BE23B1E961F0F00C7E4E4 /* ChartViewController.m in Sources */,
				E3CA43361E80B0340029D28C /* Month.m in Sources */,
				E373D3F41E9607B500BD1462 /* PinCollectionViewCell.m in Sources */,
				E33954151E41C72800B62927 /* GuestListModel.m in Sources */,
				E33E0FB51E39C3BF00740FCA /* CountdownViewController.m in Sources */,
				E33954121E41C70000B62927 /* Guest.m in Sources */,
				E373D3FA1E9609DE00BD1462 /* PinViewController.m in Sources */,
				E3A4BC5A1E4C644A00D5739B /* SectionsTableViewController.m in Sources */,
				E3DF76681E713B33006FC735 /* DressFinderViewController.m in Sources */,
				E3635C811E5596BA00CD00CB /* InspoViewController.m in Sources */,
				E3E5524A1E89FB8500ED20D7 /* CollectionTestViewController.m in Sources */,
				E3E000271E83BC5000D85EDB /* makeupFinderViewController.m in Sources */,
				E339541E1E41CDEE00B62927 /* AddGuestViewController.m in Sources */,
				E34A3B651E3045A500842498 /* ViewController.m in Sources */,
				E35B05E51E67F541006FAB25 /* SharedProfileInfo.m in Sources */,
				E34A3B621E3045A500842498 /* AppDelegate.m in Sources */,
				E3E552501E8A05CF00ED20D7 /* MyCollectionViewCell.m in Sources */,
				E339541B1E41CDC300B62927 /* GuestListTableViewController.m in Sources */,
				E3E5524D1E89FF5400ED20D7 /* TestCollectionViewController.m in Sources */,
				E33954211E41D6F700B62927 /* GuestTableViewCell.m in Sources */,
				E39BE2381E961DA800C7E4E4 /* XYPieChart.m in Sources */,
				E34A3B5F1E3045A500842498 /* main.m in Sources */,
				E3A4BC571E4C63B000D5739B /* SectionsTableViewCell.m in Sources */,
			);
			runOnlyForDeploymentPostprocessing = 0;
		};
		E34A3B6F1E3045A500842498 /* Sources */ = {
			isa = PBXSourcesBuildPhase;
			buildActionMask = 2147483647;
			files = (
				E34A3B781E3045A500842498 /* WPTests.m in Sources */,
			);
			runOnlyForDeploymentPostprocessing = 0;
		};
		E34A3B7A1E3045A500842498 /* Sources */ = {
			isa = PBXSourcesBuildPhase;
			buildActionMask = 2147483647;
			files = (
				E34A3B831E3045A500842498 /* WPUITests.m in Sources */,
			);
			runOnlyForDeploymentPostprocessing = 0;
		};
/* End PBXSourcesBuildPhase section */

/* Begin PBXTargetDependency section */
		E34A3B751E3045A500842498 /* PBXTargetDependency */ = {
			isa = PBXTargetDependency;
			target = E34A3B591E3045A500842498 /* WP */;
			targetProxy = E34A3B741E3045A500842498 /* PBXContainerItemProxy */;
		};
		E34A3B801E3045A500842498 /* PBXTargetDependency */ = {
			isa = PBXTargetDependency;
			target = E34A3B591E3045A500842498 /* WP */;
			targetProxy = E34A3B7F1E3045A500842498 /* PBXContainerItemProxy */;
		};
/* End PBXTargetDependency section */

/* Begin PBXVariantGroup section */
		E34A3B661E3045A500842498 /* Main.storyboard */ = {
			isa = PBXVariantGroup;
			children = (
				E34A3B671E3045A500842498 /* Base */,
			);
			name = Main.storyboard;
			sourceTree = "<group>";
		};
		E34A3B6B1E3045A500842498 /* LaunchScreen.storyboard */ = {
			isa = PBXVariantGroup;
			children = (
				E34A3B6C1E3045A500842498 /* Base */,
			);
			name = LaunchScreen.storyboard;
			sourceTree = "<group>";
		};
/* End PBXVariantGroup section */

/* Begin XCBuildConfiguration section */
		E34A3B851E3045A500842498 /* Debug */ = {
			isa = XCBuildConfiguration;
			buildSettings = {
				ALWAYS_SEARCH_USER_PATHS = NO;
				CLANG_ANALYZER_NONNULL = YES;
				CLANG_CXX_LANGUAGE_STANDARD = "gnu++0x";
				CLANG_CXX_LIBRARY = "libc++";
				CLANG_ENABLE_MODULES = YES;
				CLANG_ENABLE_OBJC_ARC = YES;
				CLANG_WARN_BOOL_CONVERSION = YES;
				CLANG_WARN_CONSTANT_CONVERSION = YES;
				CLANG_WARN_DIRECT_OBJC_ISA_USAGE = YES_ERROR;
				CLANG_WARN_DOCUMENTATION_COMMENTS = YES;
				CLANG_WARN_EMPTY_BODY = YES;
				CLANG_WARN_ENUM_CONVERSION = YES;
				CLANG_WARN_INFINITE_RECURSION = YES;
				CLANG_WARN_INT_CONVERSION = YES;
				CLANG_WARN_OBJC_ROOT_CLASS = YES_ERROR;
				CLANG_WARN_SUSPICIOUS_MOVES = YES;
				CLANG_WARN_UNREACHABLE_CODE = YES;
				CLANG_WARN__DUPLICATE_METHOD_MATCH = YES;
				"CODE_SIGN_IDENTITY[sdk=iphoneos*]" = "iPhone Developer";
				COPY_PHASE_STRIP = NO;
				DEBUG_INFORMATION_FORMAT = dwarf;
				ENABLE_STRICT_OBJC_MSGSEND = YES;
				ENABLE_TESTABILITY = YES;
				GCC_C_LANGUAGE_STANDARD = gnu99;
				GCC_DYNAMIC_NO_PIC = NO;
				GCC_NO_COMMON_BLOCKS = YES;
				GCC_OPTIMIZATION_LEVEL = 0;
				GCC_PREPROCESSOR_DEFINITIONS = (
					"DEBUG=1",
					"$(inherited)",
				);
				GCC_WARN_64_TO_32_BIT_CONVERSION = YES;
				GCC_WARN_ABOUT_RETURN_TYPE = YES_ERROR;
				GCC_WARN_UNDECLARED_SELECTOR = YES;
				GCC_WARN_UNINITIALIZED_AUTOS = YES_AGGRESSIVE;
				GCC_WARN_UNUSED_FUNCTION = YES;
				GCC_WARN_UNUSED_VARIABLE = YES;
				IPHONEOS_DEPLOYMENT_TARGET = 10.1;
				MTL_ENABLE_DEBUG_INFO = YES;
				ONLY_ACTIVE_ARCH = YES;
				SDKROOT = iphoneos;
			};
			name = Debug;
		};
		E34A3B861E3045A500842498 /* Release */ = {
			isa = XCBuildConfiguration;
			buildSettings = {
				ALWAYS_SEARCH_USER_PATHS = NO;
				CLANG_ANALYZER_NONNULL = YES;
				CLANG_CXX_LANGUAGE_STANDARD = "gnu++0x";
				CLANG_CXX_LIBRARY = "libc++";
				CLANG_ENABLE_MODULES = YES;
				CLANG_ENABLE_OBJC_ARC = YES;
				CLANG_WARN_BOOL_CONVERSION = YES;
				CLANG_WARN_CONSTANT_CONVERSION = YES;
				CLANG_WARN_DIRECT_OBJC_ISA_USAGE = YES_ERROR;
				CLANG_WARN_DOCUMENTATION_COMMENTS = YES;
				CLANG_WARN_EMPTY_BODY = YES;
				CLANG_WARN_ENUM_CONVERSION = YES;
				CLANG_WARN_INFINITE_RECURSION = YES;
				CLANG_WARN_INT_CONVERSION = YES;
				CLANG_WARN_OBJC_ROOT_CLASS = YES_ERROR;
				CLANG_WARN_SUSPICIOUS_MOVES = YES;
				CLANG_WARN_UNREACHABLE_CODE = YES;
				CLANG_WARN__DUPLICATE_METHOD_MATCH = YES;
				"CODE_SIGN_IDENTITY[sdk=iphoneos*]" = "iPhone Developer";
				COPY_PHASE_STRIP = NO;
				DEBUG_INFORMATION_FORMAT = "dwarf-with-dsym";
				ENABLE_NS_ASSERTIONS = NO;
				ENABLE_STRICT_OBJC_MSGSEND = YES;
				GCC_C_LANGUAGE_STANDARD = gnu99;
				GCC_NO_COMMON_BLOCKS = YES;
				GCC_WARN_64_TO_32_BIT_CONVERSION = YES;
				GCC_WARN_ABOUT_RETURN_TYPE = YES_ERROR;
				GCC_WARN_UNDECLARED_SELECTOR = YES;
				GCC_WARN_UNINITIALIZED_AUTOS = YES_AGGRESSIVE;
				GCC_WARN_UNUSED_FUNCTION = YES;
				GCC_WARN_UNUSED_VARIABLE = YES;
				IPHONEOS_DEPLOYMENT_TARGET = 10.1;
				MTL_ENABLE_DEBUG_INFO = NO;
				SDKROOT = iphoneos;
				VALIDATE_PRODUCT = YES;
			};
			name = Release;
		};
		E34A3B881E3045A500842498 /* Debug */ = {
			isa = XCBuildConfiguration;
			baseConfigurationReference = 4CED85A31EB8395E688A37C4 /* Pods-WP.debug.xcconfig */;
			buildSettings = {
				ASSETCATALOG_COMPILER_APPICON_NAME = AppIcon;
				INFOPLIST_FILE = WP/Info.plist;
				LD_RUNPATH_SEARCH_PATHS = "$(inherited) @executable_path/Frameworks";
				PRODUCT_BUNDLE_IDENTIFIER = com.sab.WP;
				PRODUCT_NAME = "$(TARGET_NAME)";
			};
			name = Debug;
		};
		E34A3B891E3045A500842498 /* Release */ = {
			isa = XCBuildConfiguration;
			baseConfigurationReference = DB6EA8B79909866560B048EB /* Pods-WP.release.xcconfig */;
			buildSettings = {
				ASSETCATALOG_COMPILER_APPICON_NAME = AppIcon;
				INFOPLIST_FILE = WP/Info.plist;
				LD_RUNPATH_SEARCH_PATHS = "$(inherited) @executable_path/Frameworks";
				PRODUCT_BUNDLE_IDENTIFIER = com.sab.WP;
				PRODUCT_NAME = "$(TARGET_NAME)";
			};
			name = Release;
		};
		E34A3B8B1E3045A500842498 /* Debug */ = {
			isa = XCBuildConfiguration;
			baseConfigurationReference = 51902308F582298A59B54FBC /* Pods-WPTests.debug.xcconfig */;
			buildSettings = {
				BUNDLE_LOADER = "$(TEST_HOST)";
				INFOPLIST_FILE = WPTests/Info.plist;
				LD_RUNPATH_SEARCH_PATHS = "$(inherited) @executable_path/Frameworks @loader_path/Frameworks";
				PRODUCT_BUNDLE_IDENTIFIER = com.sab.WPTests;
				PRODUCT_NAME = "$(TARGET_NAME)";
				TEST_HOST = "$(BUILT_PRODUCTS_DIR)/WP.app/WP";
			};
			name = Debug;
		};
		E34A3B8C1E3045A500842498 /* Release */ = {
			isa = XCBuildConfiguration;
			baseConfigurationReference = DF5267C037F8365979B5EBA5 /* Pods-WPTests.release.xcconfig */;
			buildSettings = {
				BUNDLE_LOADER = "$(TEST_HOST)";
				INFOPLIST_FILE = WPTests/Info.plist;
				LD_RUNPATH_SEARCH_PATHS = "$(inherited) @executable_path/Frameworks @loader_path/Frameworks";
				PRODUCT_BUNDLE_IDENTIFIER = com.sab.WPTests;
				PRODUCT_NAME = "$(TARGET_NAME)";
				TEST_HOST = "$(BUILT_PRODUCTS_DIR)/WP.app/WP";
			};
			name = Release;
		};
		E34A3B8E1E3045A500842498 /* Debug */ = {
			isa = XCBuildConfiguration;
			baseConfigurationReference = 53E649736B15E74C3FFCCD8D /* Pods-WPUITests.debug.xcconfig */;
			buildSettings = {
				INFOPLIST_FILE = WPUITests/Info.plist;
				LD_RUNPATH_SEARCH_PATHS = "$(inherited) @executable_path/Frameworks @loader_path/Frameworks";
				PRODUCT_BUNDLE_IDENTIFIER = com.sab.WPUITests;
				PRODUCT_NAME = "$(TARGET_NAME)";
				TEST_TARGET_NAME = WP;
			};
			name = Debug;
		};
		E34A3B8F1E3045A500842498 /* Release */ = {
			isa = XCBuildConfiguration;
			baseConfigurationReference = C0BBCD6E8D605AD836E76B56 /* Pods-WPUITests.release.xcconfig */;
			buildSettings = {
				INFOPLIST_FILE = WPUITests/Info.plist;
				LD_RUNPATH_SEARCH_PATHS = "$(inherited) @executable_path/Frameworks @loader_path/Frameworks";
				PRODUCT_BUNDLE_IDENTIFIER = com.sab.WPUITests;
				PRODUCT_NAME = "$(TARGET_NAME)";
				TEST_TARGET_NAME = WP;
			};
			name = Release;
		};
/* End XCBuildConfiguration section */

/* Begin XCConfigurationList section */
		E34A3B551E3045A400842498 /* Build configuration list for PBXProject "WP" */ = {
			isa = XCConfigurationList;
			buildConfigurations = (
				E34A3B851E3045A500842498 /* Debug */,
				E34A3B861E3045A500842498 /* Release */,
			);
			defaultConfigurationIsVisible = 0;
			defaultConfigurationName = Release;
		};
		E34A3B871E3045A500842498 /* Build configuration list for PBXNativeTarget "WP" */ = {
			isa = XCConfigurationList;
			buildConfigurations = (
				E34A3B881E3045A500842498 /* Debug */,
				E34A3B891E3045A500842498 /* Release */,
			);
			defaultConfigurationIsVisible = 0;
			defaultConfigurationName = Release;
		};
		E34A3B8A1E3045A500842498 /* Build configuration list for PBXNativeTarget "WPTests" */ = {
			isa = XCConfigurationList;
			buildConfigurations = (
				E34A3B8B1E3045A500842498 /* Debug */,
				E34A3B8C1E3045A500842498 /* Release */,
			);
			defaultConfigurationIsVisible = 0;
			defaultConfigurationName = Release;
		};
		E34A3B8D1E3045A500842498 /* Build configuration list for PBXNativeTarget "WPUITests" */ = {
			isa = XCConfigurationList;
			buildConfigurations = (
				E34A3B8E1E3045A500842498 /* Debug */,
				E34A3B8F1E3045A500842498 /* Release */,
			);
			defaultConfigurationIsVisible = 0;
			defaultConfigurationName = Release;
		};
/* End XCConfigurationList section */
	};
	rootObject = E34A3B521E3045A400842498 /* Project object */;
}
